{
  "requires": true,
  "lockfileVersion": 1,
  "dependencies": {
    "gitbook-plugin-fontsettings": {
      "version": "2.0.0",
      "resolved": "http://registry.npm.taobao.org/gitbook-plugin-fontsettings/download/gitbook-plugin-fontsettings-2.0.0.tgz",
      "integrity": "sha1-g1+QCuPdERCG/n7UQl7j3gJIYas="
    }
  }
}
